
Microsoft Visual Studio Solution File, Format Version 12.00
# Visual Studio Version 17
VisualStudioVersion = 17.2.32616.157
MinimumVisualStudioVersion = 10.0.40219.1
Project("{FAE04EC0-301F-11D3-BF4B-00C04F79EFBC}") = "Day6LogicalProblem", "Day6LogicalProblem\Day6LogicalProblem.csproj", "{1C3CC309-D6C2-47C5-9D1F-90713771031C}"
EndProject
Global
	GlobalSection(SolutionConfigurationPlatforms) = preSolution
		Debug|Any CPU = Debug|Any CPU
		Release|Any CPU = Release|Any CPU
	EndGlobalSection
	GlobalSection(ProjectConfigurationPlatforms) = postSolution
		{1C3CC309-D6C2-47C5-9D1F-90713771031C}.Debug|Any CPU.ActiveCfg = Debug|Any CPU
		{1C3CC309-D6C2-47C5-9D1F-90713771031C}.Debug|Any CPU.Build.0 = Debug|Any CPU
		{1C3CC309-D6C2-47C5-9D1F-90713771031C}.Release|Any CPU.ActiveCfg = Release|Any CPU
		{1C3CC309-D6C2-47C5-9D1F-90713771031C}.Release|Any CPU.Build.0 = Release|Any CPU
	EndGlobalSection
	GlobalSection(SolutionProperties) = preSolution
		HideSolutionNode = FALSE
	EndGlobalSection
	GlobalSection(ExtensibilityGlobals) = postSolution
		SolutionGuid = {8070A85C-8A38-4A30-ABC9-6760DB727C79}
	EndGlobalSection
EndGlobal
